
Microsoft Visual Studio Solution File, Format Version 12.00
# Visual Studio Version 17
VisualStudioVersion = 17.14.37012.4
MinimumVisualStudioVersion = 10.0.40219.1
Project("{2150E333-8FDC-42A3-9474-1A3956D46DE8}") = "API", "API", "{02EA681E-C7D8-13C7-8484-4AC65E1B71E8}"
EndProject
Project("{2150E333-8FDC-42A3-9474-1A3956D46DE8}") = "CORE", "CORE", "{5E55286F-B1BE-46B4-B810-F9CBE5812A04}"
EndProject
Project("{2150E333-8FDC-42A3-9474-1A3956D46DE8}") = "INFRASTRUCTURE", "INFRASTRUCTURE", "{A14BF299-5D31-4178-A85B-E4A8E4CD9205}"
EndProject
Project("{2150E333-8FDC-42A3-9474-1A3956D46DE8}") = "TEST", "TEST", "{C3124BB9-BC3A-4FBC-B07E-A5BF09DF7255}"
EndProject
Project("{FAE04EC0-301F-11D3-BF4B-00C04F79EFBC}") = "SistemaRecursoshumanos.Application", "SistemaRecursoshumanos.Application\SistemaRecursoshumanos.Application.csproj", "{EF6F6E93-C4F5-4096-95F0-B5A76C2DA15F}"
EndProject
Project("{FAE04EC0-301F-11D3-BF4B-00C04F79EFBC}") = "SistemaRecursosHumanos.Domain", "SistemaRecursosHumanos.Domain\SistemaRecursosHumanos.Domain.csproj", "{4043C5F5-7804-498F-ACAC-354CDCED622F}"
EndProject
Project("{FAE04EC0-301F-11D3-BF4B-00C04F79EFBC}") = "SistemaRecursosHumanos.Test", "SistemaRecursosHumanos.Test\SistemaRecursosHumanos.Test.csproj", "{4FDA4EF2-5EC4-490A-B085-EFFC684F296E}"
EndProject
Global
	GlobalSection(SolutionConfigurationPlatforms) = preSolution
		Debug|Any CPU = Debug|Any CPU
		Release|Any CPU = Release|Any CPU
	EndGlobalSection
	GlobalSection(ProjectConfigurationPlatforms) = postSolution
		{EF6F6E93-C4F5-4096-95F0-B5A76C2DA15F}.Debug|Any CPU.ActiveCfg = Debug|Any CPU
		{EF6F6E93-C4F5-4096-95F0-B5A76C2DA15F}.Debug|Any CPU.Build.0 = Debug|Any CPU
		{EF6F6E93-C4F5-4096-95F0-B5A76C2DA15F}.Release|Any CPU.ActiveCfg = Release|Any CPU
		{EF6F6E93-C4F5-4096-95F0-B5A76C2DA15F}.Release|Any CPU.Build.0 = Release|Any CPU
		{4043C5F5-7804-498F-ACAC-354CDCED622F}.Debug|Any CPU.ActiveCfg = Debug|Any CPU
		{4043C5F5-7804-498F-ACAC-354CDCED622F}.Debug|Any CPU.Build.0 = Debug|Any CPU
		{4043C5F5-7804-498F-ACAC-354CDCED622F}.Release|Any CPU.ActiveCfg = Release|Any CPU
		{4043C5F5-7804-498F-ACAC-354CDCED622F}.Release|Any CPU.Build.0 = Release|Any CPU
		{4FDA4EF2-5EC4-490A-B085-EFFC684F296E}.Debug|Any CPU.ActiveCfg = Debug|Any CPU
		{4FDA4EF2-5EC4-490A-B085-EFFC684F296E}.Debug|Any CPU.Build.0 = Debug|Any CPU
		{4FDA4EF2-5EC4-490A-B085-EFFC684F296E}.Release|Any CPU.ActiveCfg = Release|Any CPU
		{4FDA4EF2-5EC4-490A-B085-EFFC684F296E}.Release|Any CPU.Build.0 = Release|Any CPU
	EndGlobalSection
	GlobalSection(SolutionProperties) = preSolution
		HideSolutionNode = FALSE
	EndGlobalSection
	GlobalSection(NestedProjects) = preSolution
		{EF6F6E93-C4F5-4096-95F0-B5A76C2DA15F} = {5E55286F-B1BE-46B4-B810-F9CBE5812A04}
		{4043C5F5-7804-498F-ACAC-354CDCED622F} = {5E55286F-B1BE-46B4-B810-F9CBE5812A04}
		{4FDA4EF2-5EC4-490A-B085-EFFC684F296E} = {C3124BB9-BC3A-4FBC-B07E-A5BF09DF7255}
	EndGlobalSection
	GlobalSection(ExtensibilityGlobals) = postSolution
		SolutionGuid = {27408A45-DDEF-407D-8F28-6F230E8CD3EE}
	EndGlobalSection
EndGlobal
